{
  "name": "@shree444/medium-common",
  "version": "1.0.2",
  "lockfileVersion": 3,
  "requires": true,
  "packages": {
    "": {
      "name": "@shree444/medium-common",
      "version": "1.0.2",
      "license": "ISC",
      "dependencies": {
        "@shree444/medium-common": "^1.0.2",
        "zod": "^3.25.64"
      }
    },
    "node_modules/@shree444/medium-common": {
      "version": "1.0.2",
      "resolved": "https://registry.npmjs.org/@shree444/medium-common/-/medium-common-1.0.2.tgz",
      "integrity": "sha512-kT7sAz+7NIklREyfHHRCvD1d7qpQFFwkjr8rMTQVk4jycPWeTLUeWVEuJ6m+qpzTLKgRaZnqxG618lTTjt7RCQ==",
      "license": "ISC",
      "dependencies": {
        "zod": "^3.25.64"
      }
    },
    "node_modules/zod": {
      "version": "3.25.64",
      "resolved": "https://registry.npmjs.org/zod/-/zod-3.25.64.tgz",
      "integrity": "sha512-hbP9FpSZf7pkS7hRVUrOjhwKJNyampPgtXKc3AN6DsWtoHsg2Sb4SQaS4Tcay380zSwd2VPo9G9180emBACp5g==",
      "license": "MIT",
      "funding": {
        "url": "https://github.com/sponsors/colinhacks"
      }
    }
  }
}
